
Microsoft Visual Studio Solution File, Format Version 12.00
# Visual Studio 15
VisualStudioVersion = 15.0.26730.16
MinimumVisualStudioVersion = 10.0.40219.1
Project("{FAE04EC0-301F-11D3-BF4B-00C04F79EFBC}") = "DQ1", "DQ1\DQ1.csproj", "{9B78F7B0-D99B-4252-A51A-8B190594E61D}"
EndProject
Global
	GlobalSection(SolutionConfigurationPlatforms) = preSolution
		Debug|Any CPU = Debug|Any CPU
		Release|Any CPU = Release|Any CPU
	EndGlobalSection
	GlobalSection(ProjectConfigurationPlatforms) = postSolution
		{9B78F7B0-D99B-4252-A51A-8B190594E61D}.Debug|Any CPU.ActiveCfg = Debug|Any CPU
		{9B78F7B0-D99B-4252-A51A-8B190594E61D}.Debug|Any CPU.Build.0 = Debug|Any CPU
		{9B78F7B0-D99B-4252-A51A-8B190594E61D}.Release|Any CPU.ActiveCfg = Release|Any CPU
		{9B78F7B0-D99B-4252-A51A-8B190594E61D}.Release|Any CPU.Build.0 = Release|Any CPU
	EndGlobalSection
	GlobalSection(SolutionProperties) = preSolution
		HideSolutionNode = FALSE
	EndGlobalSection
	GlobalSection(ExtensibilityGlobals) = postSolution
		SolutionGuid = {F5D79B9A-A321-4BB7-817F-16E28E84088A}
	EndGlobalSection
EndGlobal
